
Microsoft Visual Studio Solution File, Format Version 12.00
# Visual Studio Version 16
VisualStudioVersion = 16.0.30709.64
MinimumVisualStudioVersion = 10.0.40219.1
Project("{9A19103F-16F7-4668-BE54-9A1E7A4F7556}") = "01_demo", "01_demo\01_demo.csproj", "{2A36C6ED-41FB-4809-9AB0-D29A9E793A82}"
EndProject
Project("{9A19103F-16F7-4668-BE54-9A1E7A4F7556}") = "02_demo", "02_demo\02_demo.csproj", "{F4CDCA21-813F-4C1B-B648-740FBB98D610}"
EndProject
Global
	GlobalSection(SolutionConfigurationPlatforms) = preSolution
		Debug|Any CPU = Debug|Any CPU
		Release|Any CPU = Release|Any CPU
	EndGlobalSection
	GlobalSection(ProjectConfigurationPlatforms) = postSolution
		{2A36C6ED-41FB-4809-9AB0-D29A9E793A82}.Debug|Any CPU.ActiveCfg = Debug|Any CPU
		{2A36C6ED-41FB-4809-9AB0-D29A9E793A82}.Debug|Any CPU.Build.0 = Debug|Any CPU
		{2A36C6ED-41FB-4809-9AB0-D29A9E793A82}.Release|Any CPU.ActiveCfg = Release|Any CPU
		{2A36C6ED-41FB-4809-9AB0-D29A9E793A82}.Release|Any CPU.Build.0 = Release|Any CPU
		{F4CDCA21-813F-4C1B-B648-740FBB98D610}.Debug|Any CPU.ActiveCfg = Debug|Any CPU
		{F4CDCA21-813F-4C1B-B648-740FBB98D610}.Debug|Any CPU.Build.0 = Debug|Any CPU
		{F4CDCA21-813F-4C1B-B648-740FBB98D610}.Release|Any CPU.ActiveCfg = Release|Any CPU
		{F4CDCA21-813F-4C1B-B648-740FBB98D610}.Release|Any CPU.Build.0 = Release|Any CPU
	EndGlobalSection
	GlobalSection(SolutionProperties) = preSolution
		HideSolutionNode = FALSE
	EndGlobalSection
	GlobalSection(ExtensibilityGlobals) = postSolution
		SolutionGuid = {875309FB-AA9F-4715-978C-7F0FF7AB14E7}
	EndGlobalSection
EndGlobal
