
Microsoft Visual Studio Solution File, Format Version 12.00
# Visual Studio Version 16
VisualStudioVersion = 16.0.30709.64
MinimumVisualStudioVersion = 10.0.40219.1
Project("{9A19103F-16F7-4668-BE54-9A1E7A4F7556}") = "01_demo", "01_demo\01_demo.csproj", "{2A36C6ED-41FB-4809-9AB0-D29A9E793A82}"
EndProject
Project("{9A19103F-16F7-4668-BE54-9A1E7A4F7556}") = "02_demo", "02_demo\02_demo.csproj", "{F4CDCA21-813F-4C1B-B648-740FBB98D610}"
EndProject
Project("{2150E333-8FDC-42A3-9474-1A3956D46DE8}") = "Solution Items", "Solution Items", "{25636607-D338-4E51-A573-949D205F46A2}"
	ProjectSection(SolutionItems) = preProject
		.filenesting.json = .filenesting.json
	EndProjectSection
EndProject
Project("{9A19103F-16F7-4668-BE54-9A1E7A4F7556}") = "03_memoryleak", "03_memoryleak\03_memoryleak.csproj", "{ED26170E-F004-44F0-A75D-F8C4DFD96F5C}"
EndProject
Project("{9A19103F-16F7-4668-BE54-9A1E7A4F7556}") = "WebApptest", "WebApptest\WebApptest.csproj", "{999AC93A-5B3C-4ACA-9E8E-B05AD9D934DC}"
EndProject
Project("{FAE04EC0-301F-11D3-BF4B-00C04F79EFBC}") = "00_envcheck", "00_envcheck\00_envcheck.csproj", "{BC12C07C-B66D-4CC7-9213-AD9E269849C7}"
EndProject
Global
	GlobalSection(SolutionConfigurationPlatforms) = preSolution
		Debug|Any CPU = Debug|Any CPU
		Release|Any CPU = Release|Any CPU
	EndGlobalSection
	GlobalSection(ProjectConfigurationPlatforms) = postSolution
		{2A36C6ED-41FB-4809-9AB0-D29A9E793A82}.Debug|Any CPU.ActiveCfg = Debug|Any CPU
		{2A36C6ED-41FB-4809-9AB0-D29A9E793A82}.Debug|Any CPU.Build.0 = Debug|Any CPU
		{2A36C6ED-41FB-4809-9AB0-D29A9E793A82}.Release|Any CPU.ActiveCfg = Release|Any CPU
		{2A36C6ED-41FB-4809-9AB0-D29A9E793A82}.Release|Any CPU.Build.0 = Release|Any CPU
		{F4CDCA21-813F-4C1B-B648-740FBB98D610}.Debug|Any CPU.ActiveCfg = Debug|Any CPU
		{F4CDCA21-813F-4C1B-B648-740FBB98D610}.Debug|Any CPU.Build.0 = Debug|Any CPU
		{F4CDCA21-813F-4C1B-B648-740FBB98D610}.Release|Any CPU.ActiveCfg = Release|Any CPU
		{F4CDCA21-813F-4C1B-B648-740FBB98D610}.Release|Any CPU.Build.0 = Release|Any CPU
		{ED26170E-F004-44F0-A75D-F8C4DFD96F5C}.Debug|Any CPU.ActiveCfg = Debug|Any CPU
		{ED26170E-F004-44F0-A75D-F8C4DFD96F5C}.Debug|Any CPU.Build.0 = Debug|Any CPU
		{ED26170E-F004-44F0-A75D-F8C4DFD96F5C}.Release|Any CPU.ActiveCfg = Release|Any CPU
		{ED26170E-F004-44F0-A75D-F8C4DFD96F5C}.Release|Any CPU.Build.0 = Release|Any CPU
		{999AC93A-5B3C-4ACA-9E8E-B05AD9D934DC}.Debug|Any CPU.ActiveCfg = Debug|Any CPU
		{999AC93A-5B3C-4ACA-9E8E-B05AD9D934DC}.Debug|Any CPU.Build.0 = Debug|Any CPU
		{999AC93A-5B3C-4ACA-9E8E-B05AD9D934DC}.Release|Any CPU.ActiveCfg = Release|Any CPU
		{999AC93A-5B3C-4ACA-9E8E-B05AD9D934DC}.Release|Any CPU.Build.0 = Release|Any CPU
		{BC12C07C-B66D-4CC7-9213-AD9E269849C7}.Debug|Any CPU.ActiveCfg = Debug|Any CPU
		{BC12C07C-B66D-4CC7-9213-AD9E269849C7}.Debug|Any CPU.Build.0 = Debug|Any CPU
		{BC12C07C-B66D-4CC7-9213-AD9E269849C7}.Release|Any CPU.ActiveCfg = Release|Any CPU
		{BC12C07C-B66D-4CC7-9213-AD9E269849C7}.Release|Any CPU.Build.0 = Release|Any CPU
	EndGlobalSection
	GlobalSection(SolutionProperties) = preSolution
		HideSolutionNode = FALSE
	EndGlobalSection
	GlobalSection(ExtensibilityGlobals) = postSolution
		SolutionGuid = {875309FB-AA9F-4715-978C-7F0FF7AB14E7}
	EndGlobalSection
EndGlobal
